
Microsoft Visual Studio Solution File, Format Version 12.00
# Visual Studio Version 17
VisualStudioVersion = 17.9.34607.119
MinimumVisualStudioVersion = 10.0.40219.1
Project("{FAE04EC0-301F-11D3-BF4B-00C04F79EFBC}") = "AccountingBack.WebApi", "AccountingBack.WebApi\AccountingBack.WebApi.csproj", "{79E94772-0AE2-417A-88A9-F1C276D021CF}"
EndProject
Project("{2150E333-8FDC-42A3-9474-1A3956D46DE8}") = "Domain", "Domain", "{2D722A8E-FD30-4C2E-971F-24E9A4222E8B}"
EndProject
Project("{FAE04EC0-301F-11D3-BF4B-00C04F79EFBC}") = "Domain.PgSql", "Domain.PgSql\Domain.PgSql.csproj", "{BDB4DE83-ECFB-4794-80A1-7231CBC9C114}"
EndProject
Project("{FAE04EC0-301F-11D3-BF4B-00C04F79EFBC}") = "Domain", "Domain\Domain.csproj", "{8DE79B77-50C7-4693-AF87-683EF59D7C0D}"
EndProject
Global
	GlobalSection(SolutionConfigurationPlatforms) = preSolution
		Debug|Any CPU = Debug|Any CPU
		Release|Any CPU = Release|Any CPU
	EndGlobalSection
	GlobalSection(ProjectConfigurationPlatforms) = postSolution
		{79E94772-0AE2-417A-88A9-F1C276D021CF}.Debug|Any CPU.ActiveCfg = Debug|Any CPU
		{79E94772-0AE2-417A-88A9-F1C276D021CF}.Debug|Any CPU.Build.0 = Debug|Any CPU
		{79E94772-0AE2-417A-88A9-F1C276D021CF}.Release|Any CPU.ActiveCfg = Release|Any CPU
		{79E94772-0AE2-417A-88A9-F1C276D021CF}.Release|Any CPU.Build.0 = Release|Any CPU
		{BDB4DE83-ECFB-4794-80A1-7231CBC9C114}.Debug|Any CPU.ActiveCfg = Debug|Any CPU
		{BDB4DE83-ECFB-4794-80A1-7231CBC9C114}.Debug|Any CPU.Build.0 = Debug|Any CPU
		{BDB4DE83-ECFB-4794-80A1-7231CBC9C114}.Release|Any CPU.ActiveCfg = Release|Any CPU
		{BDB4DE83-ECFB-4794-80A1-7231CBC9C114}.Release|Any CPU.Build.0 = Release|Any CPU
		{8DE79B77-50C7-4693-AF87-683EF59D7C0D}.Debug|Any CPU.ActiveCfg = Debug|Any CPU
		{8DE79B77-50C7-4693-AF87-683EF59D7C0D}.Debug|Any CPU.Build.0 = Debug|Any CPU
		{8DE79B77-50C7-4693-AF87-683EF59D7C0D}.Release|Any CPU.ActiveCfg = Release|Any CPU
		{8DE79B77-50C7-4693-AF87-683EF59D7C0D}.Release|Any CPU.Build.0 = Release|Any CPU
	EndGlobalSection
	GlobalSection(SolutionProperties) = preSolution
		HideSolutionNode = FALSE
	EndGlobalSection
	GlobalSection(NestedProjects) = preSolution
		{BDB4DE83-ECFB-4794-80A1-7231CBC9C114} = {2D722A8E-FD30-4C2E-971F-24E9A4222E8B}
		{8DE79B77-50C7-4693-AF87-683EF59D7C0D} = {2D722A8E-FD30-4C2E-971F-24E9A4222E8B}
	EndGlobalSection
	GlobalSection(ExtensibilityGlobals) = postSolution
		SolutionGuid = {5770BB1A-8571-4DE4-90E6-7586AD0EC0A9}
	EndGlobalSection
EndGlobal
